<?xml version="1.0" encoding="utf-8"?>
<Project ToolsVersion="4.0" xmlns="http://schemas.microsoft.com/developer/msbuild/2003">
  <ItemGroup>
    <Filter Include="Source Files">
      <UniqueIdentifier>{4FC737F1-C7A5-4376-A066-2A32D752A2FF}</UniqueIdentifier>
      <Extensions>cpp;c;cc;cxx;c++;cppm;ixx;def;odl;idl;hpj;bat;asm;asmx</Extensions>
    </Filter>
    <Filter Include="Header Files">
      <UniqueIdentifier>{93995380-89BD-4b04-88EB-625FBE52EBFB}</UniqueIdentifier>
      <Extensions>h;hh;hpp;hxx;h++;hm;inl;inc;ipp;xsd</Extensions>
    </Filter>
    <Filter Include="Resource Files">
      <UniqueIdentifier>{67DA6AB6-F800-4c08-8B7A-83BB121AAD01}</UniqueIdentifier>
      <Extensions>rc;ico;cur;bmp;dlg;rc2;rct;bin;rgs;gif;jpg;jpeg;jpe;resx;tiff;tif;png;wav;mfcribbon-ms</Extensions>
    </Filter>
    <Filter Include="States">
      <UniqueIdentifier>{1c5895b1-e421-4a59-b660-1700f58ce9ba}</UniqueIdentifier>
    </Filter>
    <Filter Include="Components">
      <UniqueIdentifier>{bffe5051-9e1b-46b3-92bd-e1f70db29656}</UniqueIdentifier>
    </Filter>
    <Filter Include="Item">
      <UniqueIdentifier>{0449a488-3b2b-44b7-b937-4daf70a4831b}</UniqueIdentifier>
    </Filter>
    <Filter Include="Item\Ranged">
      <UniqueIdentifier>{c99b450d-20cd-4fc1-b27f-e32e3f42ee04}</UniqueIdentifier>
    </Filter>
    <Filter Include="Controls">
      <UniqueIdentifier>{84677367-4096-4046-b1ec-580dce6d19db}</UniqueIdentifier>
    </Filter>
    <Filter Include="Controls\Dialogs">
      <UniqueIdentifier>{47de470a-6196-47cf-a999-df0142e512a7}</UniqueIdentifier>
    </Filter>
  </ItemGroup>
  <ItemGroup>
    <ClCompile Include="main.cpp">
      <Filter>Source Files</Filter>
    </ClCompile>
    <ClCompile Include="Game.cpp">
      <Filter>Source Files</Filter>
    </ClCompile>
    <ClCompile Include="Player.cpp">
      <Filter>Source Files</Filter>
    </ClCompile>
    <ClCompile Include="Entity.cpp">
      <Filter>Source Files</Filter>
    </ClCompile>
    <ClCompile Include="states\LobbyState.cpp">
      <Filter>States</Filter>
    </ClCompile>
    <ClCompile Include="states\State.cpp">
      <Filter>States</Filter>
    </ClCompile>
    <ClCompile Include="states\GameState.cpp">
      <Filter>States</Filter>
    </ClCompile>
    <ClCompile Include="AnimationComponent.cpp">
      <Filter>Components</Filter>
    </ClCompile>
    <ClCompile Include="Collider.cpp">
      <Filter>Components</Filter>
    </ClCompile>
    <ClCompile Include="MovementComponent.cpp">
      <Filter>Components</Filter>
    </ClCompile>
    <ClCompile Include="Item.cpp">
      <Filter>Item</Filter>
    </ClCompile>
    <ClCompile Include="RangedWeapon.cpp">
      <Filter>Item\Ranged</Filter>
    </ClCompile>
    <ClCompile Include="TwoBombs.cpp">
      <Filter>Item\Ranged</Filter>
    </ClCompile>
    <ClCompile Include="Bullet.cpp">
      <Filter>Item\Ranged</Filter>
    </ClCompile>
    <ClCompile Include="Meteor.cpp">
      <Filter>Source Files</Filter>
    </ClCompile>
    <ClCompile Include="Button.cpp">
      <Filter>Controls</Filter>
    </ClCompile>
    <ClCompile Include="TextInput.cpp">
      <Filter>Controls</Filter>
    </ClCompile>
    <ClCompile Include="InfoDialog.cpp">
      <Filter>Controls\Dialogs</Filter>
    </ClCompile>
    <ClCompile Include="DialogBase.cpp">
      <Filter>Controls\Dialogs</Filter>
    </ClCompile>
    <ClCompile Include="GameOverDialog.cpp">
      <Filter>Controls\Dialogs</Filter>
    </ClCompile>
    <ClCompile Include="Online.cpp">
      <Filter>Source Files</Filter>
    </ClCompile>
    <ClCompile Include="OnlineHost.cpp">
      <Filter>Source Files</Filter>
    </ClCompile>
  </ItemGroup>
  <ItemGroup>
    <ClInclude Include="Game.h">
      <Filter>Header Files</Filter>
    </ClInclude>
    <ClInclude Include="Player.h">
      <Filter>Header Files</Filter>
    </ClInclude>
    <ClInclude Include="Entity.h">
      <Filter>Header Files</Filter>
    </ClInclude>
    <ClInclude Include="states\LobbyState.h">
      <Filter>States</Filter>
    </ClInclude>
    <ClInclude Include="states\State.h">
      <Filter>States</Filter>
    </ClInclude>
    <ClInclude Include="states\GameState.h">
      <Filter>States</Filter>
    </ClInclude>
    <ClInclude Include="AnimationComponent.h">
      <Filter>Components</Filter>
    </ClInclude>
    <ClInclude Include="Collider.h">
      <Filter>Components</Filter>
    </ClInclude>
    <ClInclude Include="MovementComponent.h">
      <Filter>Components</Filter>
    </ClInclude>
    <ClInclude Include="Item.h">
      <Filter>Item</Filter>
    </ClInclude>
    <ClInclude Include="RangedWeapon.h">
      <Filter>Item\Ranged</Filter>
    </ClInclude>
    <ClInclude Include="TwoBombs.h">
      <Filter>Item\Ranged</Filter>
    </ClInclude>
    <ClInclude Include="Bullet.h">
      <Filter>Item\Ranged</Filter>
    </ClInclude>
    <ClInclude Include="Meteor.h">
      <Filter>Header Files</Filter>
    </ClInclude>
    <ClInclude Include="Constants.h">
      <Filter>Header Files</Filter>
    </ClInclude>
    <ClInclude Include="Button.h">
      <Filter>Controls</Filter>
    </ClInclude>
    <ClInclude Include="TextInput.h">
      <Filter>Controls</Filter>
    </ClInclude>
    <ClInclude Include="InfoDialog.h">
      <Filter>Controls\Dialogs</Filter>
    </ClInclude>
    <ClInclude Include="DialogBase.h">
      <Filter>Controls\Dialogs</Filter>
    </ClInclude>
    <ClInclude Include="GameOverDialog.h">
      <Filter>Controls\Dialogs</Filter>
    </ClInclude>
    <ClInclude Include="Online.h">
      <Filter>Header Files</Filter>
    </ClInclude>
    <ClInclude Include="OnlineHost.h">
      <Filter>Header Files</Filter>
    </ClInclude>
  </ItemGroup>
</Project>